// !$*UTF8*$!
{
	archiveVersion = 1;
	classes = {
	};
	objectVersion = 46;
	objects = {

/* Begin PBXBuildFile section */
		E287B89D1BC034BF00631A82 /* AppDelegate.swift in Sources */ = {isa = PBXBuildFile; fileRef = E287B89C1BC034BF00631A82 /* AppDelegate.swift */; };
		E287B89F1BC034BF00631A82 /* ViewController.swift in Sources */ = {isa = PBXBuildFile; fileRef = E287B89E1BC034BF00631A82 /* ViewController.swift */; };
		E287B8A21BC034BF00631A82 /* Main.storyboard in Resources */ = {isa = PBXBuildFile; fileRef = E287B8A01BC034BF00631A82 /* Main.storyboard */; };
		E287B8A41BC034BF00631A82 /* Assets.xcassets in Resources */ = {isa = PBXBuildFile; fileRef = E287B8A31BC034BF00631A82 /* Assets.xcassets */; };
		E287B8A71BC034BF00631A82 /* LaunchScreen.storyboard in Resources */ = {isa = PBXBuildFile; fileRef = E287B8A51BC034BF00631A82 /* LaunchScreen.storyboard */; };
		E287B8B21BC034BF00631A82 /* ScrollToLoadMore_TextFieldMoveUPTests.swift in Sources */ = {isa = PBXBuildFile; fileRef = E287B8B11BC034BF00631A82 /* ScrollToLoadMore_TextFieldMoveUPTests.swift */; };
		E287B8BD1BC034BF00631A82 /* ScrollToLoadMore_TextFieldMoveUPUITests.swift in Sources */ = {isa = PBXBuildFile; fileRef = E287B8BC1BC034BF00631A82 /* ScrollToLoadMore_TextFieldMoveUPUITests.swift */; };
		E287B8CB1BC0371D00631A82 /* TableViewController.swift in Sources */ = {isa = PBXBuildFile; fileRef = E287B8CA1BC0371D00631A82 /* TableViewController.swift */; settings = {ASSET_TAGS = (); }; };
		E287B8CD1BC038E900631A82 /* TableViewCell.swift in Sources */ = {isa = PBXBuildFile; fileRef = E287B8CC1BC038E900631A82 /* TableViewCell.swift */; settings = {ASSET_TAGS = (); }; };
/* End PBXBuildFile section */

/* Begin PBXContainerItemProxy section */
		E287B8AE1BC034BF00631A82 /* PBXContainerItemProxy */ = {
			isa = PBXContainerItemProxy;
			containerPortal = E287B8911BC034BF00631A82 /* Project object */;
			proxyType = 1;
			remoteGlobalIDString = E287B8981BC034BF00631A82;
			remoteInfo = ScrollToLoadMore_TextFieldMoveUP;
		};
		E287B8B91BC034BF00631A82 /* PBXContainerItemProxy */ = {
			isa = PBXContainerItemProxy;
			containerPortal = E287B8911BC034BF00631A82 /* Project object */;
			proxyType = 1;
			remoteGlobalIDString = E287B8981BC034BF00631A82;
			remoteInfo = ScrollToLoadMore_TextFieldMoveUP;
		};
/* End PBXContainerItemProxy section */

/* Begin PBXFileReference section */
		E287B8991BC034BF00631A82 /* ScrollToLoadMore_TextFieldMoveUP.app */ = {isa = PBXFileReference; explicitFileType = wrapper.application; includeInIndex = 0; path = ScrollToLoadMore_TextFieldMoveUP.app; sourceTree = BUILT_PRODUCTS_DIR; };
		E287B89C1BC034BF00631A82 /* AppDelegate.swift */ = {isa = PBXFileReference; lastKnownFileType = sourcecode.swift; path = AppDelegate.swift; sourceTree = "<group>"; };
		E287B89E1BC034BF00631A82 /* ViewController.swift */ = {isa = PBXFileReference; lastKnownFileType = sourcecode.swift; path = ViewController.swift; sourceTree = "<group>"; };
		E287B8A11BC034BF00631A82 /* Base */ = {isa = PBXFileReference; lastKnownFileType = file.storyboard; name = Base; path = Base.lproj/Main.storyboard; sourceTree = "<group>"; };
		E287B8A31BC034BF00631A82 /* Assets.xcassets */ = {isa = PBXFileReference; lastKnownFileType = folder.assetcatalog; path = Assets.xcassets; sourceTree = "<group>"; };
		E287B8A61BC034BF00631A82 /* Base */ = {isa = PBXFileReference; lastKnownFileType = file.storyboard; name = Base; path = Base.lproj/LaunchScreen.storyboard; sourceTree = "<group>"; };
		E287B8A81BC034BF00631A82 /* Info.plist */ = {isa = PBXFileReference; lastKnownFileType = text.plist.xml; path = Info.plist; sourceTree = "<group>"; };
		E287B8AD1BC034BF00631A82 /* ScrollToLoadMore_TextFieldMoveUPTests.xctest */ = {isa = PBXFileReference; explicitFileType = wrapper.cfbundle; includeInIndex = 0; path = ScrollToLoadMore_TextFieldMoveUPTests.xctest; sourceTree = BUILT_PRODUCTS_DIR; };
		E287B8B11BC034BF00631A82 /* ScrollToLoadMore_TextFieldMoveUPTests.swift */ = {isa = PBXFileReference; lastKnownFileType = sourcecode.swift; path = ScrollToLoadMore_TextFieldMoveUPTests.swift; sourceTree = "<group>"; };
		E287B8B31BC034BF00631A82 /* Info.plist */ = {isa = PBXFileReference; lastKnownFileType = text.plist.xml; path = Info.plist; sourceTree = "<group>"; };
		E287B8B81BC034BF00631A82 /* ScrollToLoadMore_TextFieldMoveUPUITests.xctest */ = {isa = PBXFileReference; explicitFileType = wrapper.cfbundle; includeInIndex = 0; path = ScrollToLoadMore_TextFieldMoveUPUITests.xctest; sourceTree = BUILT_PRODUCTS_DIR; };
		E287B8BC1BC034BF00631A82 /* ScrollToLoadMore_TextFieldMoveUPUITests.swift */ = {isa = PBXFileReference; lastKnownFileType = sourcecode.swift; path = ScrollToLoadMore_TextFieldMoveUPUITests.swift; sourceTree = "<group>"; };
		E287B8BE1BC034BF00631A82 /* Info.plist */ = {isa = PBXFileReference; lastKnownFileType = text.plist.xml; path = Info.plist; sourceTree = "<group>"; };
		E287B8CA1BC0371D00631A82 /* TableViewController.swift */ = {isa = PBXFileReference; fileEncoding = 4; lastKnownFileType = sourcecode.swift; path = TableViewController.swift; sourceTree = "<group>"; };
		E287B8CC1BC038E900631A82 /* TableViewCell.swift */ = {isa = PBXFileReference; fileEncoding = 4; lastKnownFileType = sourcecode.swift; path = TableViewCell.swift; sourceTree = "<group>"; };
/* End PBXFileReference section */

/* Begin PBXFrameworksBuildPhase section */
		E287B8961BC034BF00631A82 /* Frameworks */ = {
			isa = PBXFrameworksBuildPhase;
			buildActionMask = 2147483647;
			files = (
			);
			runOnlyForDeploymentPostprocessing = 0;
		};
		E287B8AA1BC034BF00631A82 /* Frameworks */ = {
			isa = PBXFrameworksBuildPhase;
			buildActionMask = 2147483647;
			files = (
			);
			runOnlyForDeploymentPostprocessing = 0;
		};
		E287B8B51BC034BF00631A82 /* Frameworks */ = {
			isa = PBXFrameworksBuildPhase;
			buildActionMask = 2147483647;
			files = (
			);
			runOnlyForDeploymentPostprocessing = 0;
		};
/* End PBXFrameworksBuildPhase section */

/* Begin PBXGroup section */
		E287B8901BC034BF00631A82 = {
			isa = PBXGroup;
			children = (
				E287B89B1BC034BF00631A82 /* ScrollToLoadMore_TextFieldMoveUP */,
				E287B8B01BC034BF00631A82 /* ScrollToLoadMore_TextFieldMoveUPTests */,
				E287B8BB1BC034BF00631A82 /* ScrollToLoadMore_TextFieldMoveUPUITests */,
				E287B89A1BC034BF00631A82 /* Products */,
			);
			sourceTree = "<group>";
		};
		E287B89A1BC034BF00631A82 /* Products */ = {
			isa = PBXGroup;
			children = (
				E287B8991BC034BF00631A82 /* ScrollToLoadMore_TextFieldMoveUP.app */,
				E287B8AD1BC034BF00631A82 /* ScrollToLoadMore_TextFieldMoveUPTests.xctest */,
				E287B8B81BC034BF00631A82 /* ScrollToLoadMore_TextFieldMoveUPUITests.xctest */,
			);
			name = Products;
			sourceTree = "<group>";
		};
		E287B89B1BC034BF00631A82 /* ScrollToLoadMore_TextFieldMoveUP */ = {
			isa = PBXGroup;
			children = (
				E287B89C1BC034BF00631A82 /* AppDelegate.swift */,
				E287B89E1BC034BF00631A82 /* ViewController.swift */,
				E287B8CA1BC0371D00631A82 /* TableViewController.swift */,
				E287B8CC1BC038E900631A82 /* TableViewCell.swift */,
				E287B8A01BC034BF00631A82 /* Main.storyboard */,
				E287B8A31BC034BF00631A82 /* Assets.xcassets */,
				E287B8A51BC034BF00631A82 /* LaunchScreen.storyboard */,
				E287B8A81BC034BF00631A82 /* Info.plist */,
			);
			path = ScrollToLoadMore_TextFieldMoveUP;
			sourceTree = "<group>";
		};
		E287B8B01BC034BF00631A82 /* ScrollToLoadMore_TextFieldMoveUPTests */ = {
			isa = PBXGroup;
			children = (
				E287B8B11BC034BF00631A82 /* ScrollToLoadMore_TextFieldMoveUPTests.swift */,
				E287B8B31BC034BF00631A82 /* Info.plist */,
			);
			path = ScrollToLoadMore_TextFieldMoveUPTests;
			sourceTree = "<group>";
		};
		E287B8BB1BC034BF00631A82 /* ScrollToLoadMore_TextFieldMoveUPUITests */ = {
			isa = PBXGroup;
			children = (
				E287B8BC1BC034BF00631A82 /* ScrollToLoadMore_TextFieldMoveUPUITests.swift */,
				E287B8BE1BC034BF00631A82 /* Info.plist */,
			);
			path = ScrollToLoadMore_TextFieldMoveUPUITests;
			sourceTree = "<group>";
		};
/* End PBXGroup section */

/* Begin PBXNativeTarget section */
		E287B8981BC034BF00631A82 /* ScrollToLoadMore_TextFieldMoveUP */ = {
			isa = PBXNativeTarget;
			buildConfigurationList = E287B8C11BC034BF00631A82 /* Build configuration list for PBXNativeTarget "ScrollToLoadMore_TextFieldMoveUP" */;
			buildPhases = (
				E287B8951BC034BF00631A82 /* Sources */,
				E287B8961BC034BF00631A82 /* Frameworks */,
				E287B8971BC034BF00631A82 /* Resources */,
			);
			buildRules = (
			);
			dependencies = (
			);
			name = ScrollToLoadMore_TextFieldMoveUP;
			productName = ScrollToLoadMore_TextFieldMoveUP;
			productReference = E287B8991BC034BF00631A82 /* ScrollToLoadMore_TextFieldMoveUP.app */;
			productType = "com.apple.product-type.application";
		};
		E287B8AC1BC034BF00631A82 /* ScrollToLoadMore_TextFieldMoveUPTests */ = {
			isa = PBXNativeTarget;
			buildConfigurationList = E287B8C41BC034BF00631A82 /* Build configuration list for PBXNativeTarget "ScrollToLoadMore_TextFieldMoveUPTests" */;
			buildPhases = (
				E287B8A91BC034BF00631A82 /* Sources */,
				E287B8AA1BC034BF00631A82 /* Frameworks */,
				E287B8AB1BC034BF00631A82 /* Resources */,
			);
			buildRules = (
			);
			dependencies = (
				E287B8AF1BC034BF00631A82 /* PBXTargetDependency */,
			);
			name = ScrollToLoadMore_TextFieldMoveUPTests;
			productName = ScrollToLoadMore_TextFieldMoveUPTests;
			productReference = E287B8AD1BC034BF00631A82 /* ScrollToLoadMore_TextFieldMoveUPTests.xctest */;
			productType = "com.apple.product-type.bundle.unit-test";
		};
		E287B8B71BC034BF00631A82 /* ScrollToLoadMore_TextFieldMoveUPUITests */ = {
			isa = PBXNativeTarget;
			buildConfigurationList = E287B8C71BC034BF00631A82 /* Build configuration list for PBXNativeTarget "ScrollToLoadMore_TextFieldMoveUPUITests" */;
			buildPhases = (
				E287B8B41BC034BF00631A82 /* Sources */,
				E287B8B51BC034BF00631A82 /* Frameworks */,
				E287B8B61BC034BF00631A82 /* Resources */,
			);
			buildRules = (
			);
			dependencies = (
				E287B8BA1BC034BF00631A82 /* PBXTargetDependency */,
			);
			name = ScrollToLoadMore_TextFieldMoveUPUITests;
			productName = ScrollToLoadMore_TextFieldMoveUPUITests;
			productReference = E287B8B81BC034BF00631A82 /* ScrollToLoadMore_TextFieldMoveUPUITests.xctest */;
			productType = "com.apple.product-type.bundle.ui-testing";
		};
/* End PBXNativeTarget section */

/* Begin PBXProject section */
		E287B8911BC034BF00631A82 /* Project object */ = {
			isa = PBXProject;
			attributes = {
				LastUpgradeCheck = 0700;
				ORGANIZATIONNAME = Benobab;
				TargetAttributes = {
					E287B8981BC034BF00631A82 = {
						CreatedOnToolsVersion = 7.0;
					};
					E287B8AC1BC034BF00631A82 = {
						CreatedOnToolsVersion = 7.0;
						TestTargetID = E287B8981BC034BF00631A82;
					};
					E287B8B71BC034BF00631A82 = {
						CreatedOnToolsVersion = 7.0;
						TestTargetID = E287B8981BC034BF00631A82;
					};
				};
			};
			buildConfigurationList = E287B8941BC034BF00631A82 /* Build configuration list for PBXProject "ScrollToLoadMore_TextFieldMoveUP" */;
			compatibilityVersion = "Xcode 3.2";
			developmentRegion = English;
			hasScannedForEncodings = 0;
			knownRegions = (
				en,
				Base,
			);
			mainGroup = E287B8901BC034BF00631A82;
			productRefGroup = E287B89A1BC034BF00631A82 /* Products */;
			projectDirPath = "";
			projectRoot = "";
			targets = (
				E287B8981BC034BF00631A82 /* ScrollToLoadMore_TextFieldMoveUP */,
				E287B8AC1BC034BF00631A82 /* ScrollToLoadMore_TextFieldMoveUPTests */,
				E287B8B71BC034BF00631A82 /* ScrollToLoadMore_TextFieldMoveUPUITests */,
			);
		};
/* End PBXProject section */

/* Begin PBXResourcesBuildPhase section */
		E287B8971BC034BF00631A82 /* Resources */ = {
			isa = PBXResourcesBuildPhase;
			buildActionMask = 2147483647;
			files = (
				E287B8A71BC034BF00631A82 /* LaunchScreen.storyboard in Resources */,
				E287B8A41BC034BF00631A82 /* Assets.xcassets in Resources */,
				E287B8A21BC034BF00631A82 /* Main.storyboard in Resources */,
			);
			runOnlyForDeploymentPostprocessing = 0;
		};
		E287B8AB1BC034BF00631A82 /* Resources */ = {
			isa = PBXResourcesBuildPhase;
			buildActionMask = 2147483647;
			files = (
			);
			runOnlyForDeploymentPostprocessing = 0;
		};
		E287B8B61BC034BF00631A82 /* Resources */ = {
			isa = PBXResourcesBuildPhase;
			buildActionMask = 2147483647;
			files = (
			);
			runOnlyForDeploymentPostprocessing = 0;
		};
/* End PBXResourcesBuildPhase section */

/* Begin PBXSourcesBuildPhase section */
		E287B8951BC034BF00631A82 /* Sources */ = {
			isa = PBXSourcesBuildPhase;
			buildActionMask = 2147483647;
			files = (
				E287B89F1BC034BF00631A82 /* ViewController.swift in Sources */,
				E287B8CD1BC038E900631A82 /* TableViewCell.swift in Sources */,
				E287B8CB1BC0371D00631A82 /* TableViewController.swift in Sources */,
				E287B89D1BC034BF00631A82 /* AppDelegate.swift in Sources */,
			);
			runOnlyForDeploymentPostprocessing = 0;
		};
		E287B8A91BC034BF00631A82 /* Sources */ = {
			isa = PBXSourcesBuildPhase;
			buildActionMask = 2147483647;
			files = (
				E287B8B21BC034BF00631A82 /* ScrollToLoadMore_TextFieldMoveUPTests.swift in Sources */,
			);
			runOnlyForDeploymentPostprocessing = 0;
		};
		E287B8B41BC034BF00631A82 /* Sources */ = {
			isa = PBXSourcesBuildPhase;
			buildActionMask = 2147483647;
			files = (
				E287B8BD1BC034BF00631A82 /* ScrollToLoadMore_TextFieldMoveUPUITests.swift in Sources */,
			);
			runOnlyForDeploymentPostprocessing = 0;
		};
/* End PBXSourcesBuildPhase section */

/* Begin PBXTargetDependency section */
		E287B8AF1BC034BF00631A82 /* PBXTargetDependency */ = {
			isa = PBXTargetDependency;
			target = E287B8981BC034BF00631A82 /* ScrollToLoadMore_TextFieldMoveUP */;
			targetProxy = E287B8AE1BC034BF00631A82 /* PBXContainerItemProxy */;
		};
		E287B8BA1BC034BF00631A82 /* PBXTargetDependency */ = {
			isa = PBXTargetDependency;
			target = E287B8981BC034BF00631A82 /* ScrollToLoadMore_TextFieldMoveUP */;
			targetProxy = E287B8B91BC034BF00631A82 /* PBXContainerItemProxy */;
		};
/* End PBXTargetDependency section */

/* Begin PBXVariantGroup section */
		E287B8A01BC034BF00631A82 /* Main.storyboard */ = {
			isa = PBXVariantGroup;
			children = (
				E287B8A11BC034BF00631A82 /* Base */,
			);
			name = Main.storyboard;
			sourceTree = "<group>";
		};
		E287B8A51BC034BF00631A82 /* LaunchScreen.storyboard */ = {
			isa = PBXVariantGroup;
			children = (
				E287B8A61BC034BF00631A82 /* Base */,
			);
			name = LaunchScreen.storyboard;
			sourceTree = "<group>";
		};
/* End PBXVariantGroup section */

/* Begin XCBuildConfiguration section */
		E287B8BF1BC034BF00631A82 /* Debug */ = {
			isa = XCBuildConfiguration;
			buildSettings = {
				ALWAYS_SEARCH_USER_PATHS = NO;
				CLANG_CXX_LANGUAGE_STANDARD = "gnu++0x";
				CLANG_CXX_LIBRARY = "libc++";
				CLANG_ENABLE_MODULES = YES;
				CLANG_ENABLE_OBJC_ARC = YES;
				CLANG_WARN_BOOL_CONVERSION = YES;
				CLANG_WARN_CONSTANT_CONVERSION = YES;
				CLANG_WARN_DIRECT_OBJC_ISA_USAGE = YES_ERROR;
				CLANG_WARN_EMPTY_BODY = YES;
				CLANG_WARN_ENUM_CONVERSION = YES;
				CLANG_WARN_INT_CONVERSION = YES;
				CLANG_WARN_OBJC_ROOT_CLASS = YES_ERROR;
				CLANG_WARN_UNREACHABLE_CODE = YES;
				CLANG_WARN__DUPLICATE_METHOD_MATCH = YES;
				"CODE_SIGN_IDENTITY[sdk=iphoneos*]" = "iPhone Developer";
				COPY_PHASE_STRIP = NO;
				DEBUG_INFORMATION_FORMAT = dwarf;
				ENABLE_STRICT_OBJC_MSGSEND = YES;
				ENABLE_TESTABILITY = YES;
				GCC_C_LANGUAGE_STANDARD = gnu99;
				GCC_DYNAMIC_NO_PIC = NO;
				GCC_NO_COMMON_BLOCKS = YES;
				GCC_OPTIMIZATION_LEVEL = 0;
				GCC_PREPROCESSOR_DEFINITIONS = (
					"DEBUG=1",
					"$(inherited)",
				);
				GCC_WARN_64_TO_32_BIT_CONVERSION = YES;
				GCC_WARN_ABOUT_RETURN_TYPE = YES_ERROR;
				GCC_WARN_UNDECLARED_SELECTOR = YES;
				GCC_WARN_UNINITIALIZED_AUTOS = YES_AGGRESSIVE;
				GCC_WARN_UNUSED_FUNCTION = YES;
				GCC_WARN_UNUSED_VARIABLE = YES;
				IPHONEOS_DEPLOYMENT_TARGET = 9.0;
				MTL_ENABLE_DEBUG_INFO = YES;
				ONLY_ACTIVE_ARCH = YES;
				SDKROOT = iphoneos;
				SWIFT_OPTIMIZATION_LEVEL = "-Onone";
				TARGETED_DEVICE_FAMILY = "1,2";
			};
			name = Debug;
		};
		E287B8C01BC034BF00631A82 /* Release */ = {
			isa = XCBuildConfiguration;
			buildSettings = {
				ALWAYS_SEARCH_USER_PATHS = NO;
				CLANG_CXX_LANGUAGE_STANDARD = "gnu++0x";
				CLANG_CXX_LIBRARY = "libc++";
				CLANG_ENABLE_MODULES = YES;
				CLANG_ENABLE_OBJC_ARC = YES;
				CLANG_WARN_BOOL_CONVERSION = YES;
				CLANG_WARN_CONSTANT_CONVERSION = YES;
				CLANG_WARN_DIRECT_OBJC_ISA_USAGE = YES_ERROR;
				CLANG_WARN_EMPTY_BODY = YES;
				CLANG_WARN_ENUM_CONVERSION = YES;
				CLANG_WARN_INT_CONVERSION = YES;
				CLANG_WARN_OBJC_ROOT_CLASS = YES_ERROR;
				CLANG_WARN_UNREACHABLE_CODE = YES;
				CLANG_WARN__DUPLICATE_METHOD_MATCH = YES;
				"CODE_SIGN_IDENTITY[sdk=iphoneos*]" = "iPhone Developer";
				COPY_PHASE_STRIP = NO;
				DEBUG_INFORMATION_FORMAT = "dwarf-with-dsym";
				ENABLE_NS_ASSERTIONS = NO;
				ENABLE_STRICT_OBJC_MSGSEND = YES;
				GCC_C_LANGUAGE_STANDARD = gnu99;
				GCC_NO_COMMON_BLOCKS = YES;
				GCC_WARN_64_TO_32_BIT_CONVERSION = YES;
				GCC_WARN_ABOUT_RETURN_TYPE = YES_ERROR;
				GCC_WARN_UNDECLARED_SELECTOR = YES;
				GCC_WARN_UNINITIALIZED_AUTOS = YES_AGGRESSIVE;
				GCC_WARN_UNUSED_FUNCTION = YES;
				GCC_WARN_UNUSED_VARIABLE = YES;
				IPHONEOS_DEPLOYMENT_TARGET = 9.0;
				MTL_ENABLE_DEBUG_INFO = NO;
				SDKROOT = iphoneos;
				TARGETED_DEVICE_FAMILY = "1,2";
				VALIDATE_PRODUCT = YES;
			};
			name = Release;
		};
		E287B8C21BC034BF00631A82 /* Debug */ = {
			isa = XCBuildConfiguration;
			buildSettings = {
				ASSETCATALOG_COMPILER_APPICON_NAME = AppIcon;
				INFOPLIST_FILE = ScrollToLoadMore_TextFieldMoveUP/Info.plist;
				LD_RUNPATH_SEARCH_PATHS = "$(inherited) @executable_path/Frameworks";
				PRODUCT_BUNDLE_IDENTIFIER = "com.ScrollToLoadMore-TextFieldMoveUP";
				PRODUCT_NAME = "$(TARGET_NAME)";
			};
			name = Debug;
		};
		E287B8C31BC034BF00631A82 /* Release */ = {
			isa = XCBuildConfiguration;
			buildSettings = {
				ASSETCATALOG_COMPILER_APPICON_NAME = AppIcon;
				INFOPLIST_FILE = ScrollToLoadMore_TextFieldMoveUP/Info.plist;
				LD_RUNPATH_SEARCH_PATHS = "$(inherited) @executable_path/Frameworks";
				PRODUCT_BUNDLE_IDENTIFIER = "com.ScrollToLoadMore-TextFieldMoveUP";
				PRODUCT_NAME = "$(TARGET_NAME)";
			};
			name = Release;
		};
		E287B8C51BC034BF00631A82 /* Debug */ = {
			isa = XCBuildConfiguration;
			buildSettings = {
				BUNDLE_LOADER = "$(TEST_HOST)";
				INFOPLIST_FILE = ScrollToLoadMore_TextFieldMoveUPTests/Info.plist;
				LD_RUNPATH_SEARCH_PATHS = "$(inherited) @executable_path/Frameworks @loader_path/Frameworks";
				PRODUCT_BUNDLE_IDENTIFIER = "com.ScrollToLoadMore-TextFieldMoveUPTests";
				PRODUCT_NAME = "$(TARGET_NAME)";
				TEST_HOST = "$(BUILT_PRODUCTS_DIR)/ScrollToLoadMore_TextFieldMoveUP.app/ScrollToLoadMore_TextFieldMoveUP";
			};
			name = Debug;
		};
		E287B8C61BC034BF00631A82 /* Release */ = {
			isa = XCBuildConfiguration;
			buildSettings = {
				BUNDLE_LOADER = "$(TEST_HOST)";
				INFOPLIST_FILE = ScrollToLoadMore_TextFieldMoveUPTests/Info.plist;
				LD_RUNPATH_SEARCH_PATHS = "$(inherited) @executable_path/Frameworks @loader_path/Frameworks";
				PRODUCT_BUNDLE_IDENTIFIER = "com.ScrollToLoadMore-TextFieldMoveUPTests";
				PRODUCT_NAME = "$(TARGET_NAME)";
				TEST_HOST = "$(BUILT_PRODUCTS_DIR)/ScrollToLoadMore_TextFieldMoveUP.app/ScrollToLoadMore_TextFieldMoveUP";
			};
			name = Release;
		};
		E287B8C81BC034BF00631A82 /* Debug */ = {
			isa = XCBuildConfiguration;
			buildSettings = {
				INFOPLIST_FILE = ScrollToLoadMore_TextFieldMoveUPUITests/Info.plist;
				LD_RUNPATH_SEARCH_PATHS = "$(inherited) @executable_path/Frameworks @loader_path/Frameworks";
				PRODUCT_BUNDLE_IDENTIFIER = "com.ScrollToLoadMore-TextFieldMoveUPUITests";
				PRODUCT_NAME = "$(TARGET_NAME)";
				TEST_TARGET_NAME = ScrollToLoadMore_TextFieldMoveUP;
				USES_XCTRUNNER = YES;
			};
			name = Debug;
		};
		E287B8C91BC034BF00631A82 /* Release */ = {
			isa = XCBuildConfiguration;
			buildSettings = {
				INFOPLIST_FILE = ScrollToLoadMore_TextFieldMoveUPUITests/Info.plist;
				LD_RUNPATH_SEARCH_PATHS = "$(inherited) @executable_path/Frameworks @loader_path/Frameworks";
				PRODUCT_BUNDLE_IDENTIFIER = "com.ScrollToLoadMore-TextFieldMoveUPUITests";
				PRODUCT_NAME = "$(TARGET_NAME)";
				TEST_TARGET_NAME = ScrollToLoadMore_TextFieldMoveUP;
				USES_XCTRUNNER = YES;
			};
			name = Release;
		};
/* End XCBuildConfiguration section */

/* Begin XCConfigurationList section */
		E287B8941BC034BF00631A82 /* Build configuration list for PBXProject "ScrollToLoadMore_TextFieldMoveUP" */ = {
			isa = XCConfigurationList;
			buildConfigurations = (
				E287B8BF1BC034BF00631A82 /* Debug */,
				E287B8C01BC034BF00631A82 /* Release */,
			);
			defaultConfigurationIsVisible = 0;
			defaultConfigurationName = Release;
		};
		E287B8C11BC034BF00631A82 /* Build configuration list for PBXNativeTarget "ScrollToLoadMore_TextFieldMoveUP" */ = {
			isa = XCConfigurationList;
			buildConfigurations = (
				E287B8C21BC034BF00631A82 /* Debug */,
				E287B8C31BC034BF00631A82 /* Release */,
			);
			defaultConfigurationIsVisible = 0;
		};
		E287B8C41BC034BF00631A82 /* Build configuration list for PBXNativeTarget "ScrollToLoadMore_TextFieldMoveUPTests" */ = {
			isa = XCConfigurationList;
			buildConfigurations = (
				E287B8C51BC034BF00631A82 /* Debug */,
				E287B8C61BC034BF00631A82 /* Release */,
			);
			defaultConfigurationIsVisible = 0;
		};
		E287B8C71BC034BF00631A82 /* Build configuration list for PBXNativeTarget "ScrollToLoadMore_TextFieldMoveUPUITests" */ = {
			isa = XCConfigurationList;
			buildConfigurations = (
				E287B8C81BC034BF00631A82 /* Debug */,
				E287B8C91BC034BF00631A82 /* Release */,
			);
			defaultConfigurationIsVisible = 0;
		};
/* End XCConfigurationList section */
	};
	rootObject = E287B8911BC034BF00631A82 /* Project object */;
}
